
Microsoft Visual Studio Solution File, Format Version 12.00
# Visual Studio Version 17
VisualStudioVersion = 17.7.34031.279
MinimumVisualStudioVersion = 10.0.40219.1
Project("{2150E333-8FDC-42A3-9474-1A3956D46DE8}") = "Smart App Coder", "Smart App Coder", "{E20A050E-3CC9-418E-A6F8-07CE4CD4B4B5}"
EndProject
Project("{9A19103F-16F7-4668-BE54-9A1E7A4F7556}") = "Pavolle.SmartAppCoder", "Pavolle.SmartAppCoder\Pavolle.SmartAppCoder.csproj", "{CBD68F50-35BA-4439-9A90-71CFF53D4ABA}"
EndProject
Project("{2150E333-8FDC-42A3-9474-1A3956D46DE8}") = "0000 Neleri Başardık", "0000 Neleri Başardık", "{45FE0CE4-3424-40A8-A14F-28C427FF7E63}"
EndProject
Project("{2150E333-8FDC-42A3-9474-1A3956D46DE8}") = "2023", "2023", "{59CD6A3D-7959-4CE0-9D4E-B65927D030DB}"
EndProject
Project("{2150E333-8FDC-42A3-9474-1A3956D46DE8}") = "Eylul", "Eylul", "{5CA65C37-3496-447E-89F3-00F4529379D6}"
EndProject
Project("{2150E333-8FDC-42A3-9474-1A3956D46DE8}") = "Agha", "Agha", "{F5A32C39-EB0B-422B-AA2E-484E65F752AE}"
	ProjectSection(SolutionItems) = preProject
		20.09.2023.txt = 20.09.2023.txt
		21.09.2023.txt = 21.09.2023.txt
		22.09.2023.txt = 22.09.2023.txt
		29.09.2023.txt = 29.09.2023.txt
	EndProjectSection
EndProject
Project("{2150E333-8FDC-42A3-9474-1A3956D46DE8}") = "Projects", "Projects", "{9328F32F-9C58-4238-A833-423E5AC98614}"
EndProject
Project("{2150E333-8FDC-42A3-9474-1A3956D46DE8}") = "Game", "Game", "{FB8FEB6D-65F6-43E7-A4AD-DD6DA1F65CDF}"
EndProject
Project("{9A19103F-16F7-4668-BE54-9A1E7A4F7556}") = "Pavolle.PassCross", "Pavolle.PassCross\Pavolle.PassCross.csproj", "{6E725082-AEA6-44BD-9532-221F7AC7221A}"
EndProject
Project("{2150E333-8FDC-42A3-9474-1A3956D46DE8}") = "PassCross", "PassCross", "{F8CCEE4F-07DB-47BF-B107-C0CBE39AB41D}"
	ProjectSection(SolutionItems) = preProject
		BeyinFirtinasi.txt = BeyinFirtinasi.txt
	EndProjectSection
EndProject
Project("{9A19103F-16F7-4668-BE54-9A1E7A4F7556}") = "Pavolle.MobileCore", "Pavolle.MobileCore\Pavolle.MobileCore.csproj", "{B16D245F-0779-49F0-9B7F-3ECDD913BDCB}"
EndProject
Project("{2150E333-8FDC-42A3-9474-1A3956D46DE8}") = "Core", "Core", "{B58E18F5-D166-483E-AFFE-EDC7DEA317F4}"
EndProject
Project("{2150E333-8FDC-42A3-9474-1A3956D46DE8}") = "ARGE", "ARGE", "{8AC250C4-4F76-4AD1-B202-5D8EC5168023}"
EndProject
Project("{2150E333-8FDC-42A3-9474-1A3956D46DE8}") = "Face Recognition", "Face Recognition", "{78B443E1-B173-4957-8516-61A1A8A5B404}"
EndProject
Project("{9A19103F-16F7-4668-BE54-9A1E7A4F7556}") = "Pavolle.FaceRecognitionSample", "Pavolle.FaceRecognitionSample\Pavolle.FaceRecognitionSample.csproj", "{4387E43A-FBA4-4391-A50D-F79F1F7DDFDD}"
EndProject
Project("{9A19103F-16F7-4668-BE54-9A1E7A4F7556}") = "Pavolle.Core", "Pavolle.Core\Pavolle.Core.csproj", "{869C1337-297E-4338-B12D-39217BCB5A03}"
EndProject
Project("{9A19103F-16F7-4668-BE54-9A1E7A4F7556}") = "Pavolle.Security", "Pavolle.Security\Pavolle.Security.csproj", "{EAB4264E-8939-458B-A5EA-1751AEF221BF}"
EndProject
Project("{9A19103F-16F7-4668-BE54-9A1E7A4F7556}") = "Pavolle.PassCross.Business", "Pavolle.PassCross.Business\Pavolle.PassCross.Business.csproj", "{F66BED77-9E2A-43C9-ABCE-51DFFFFDC44A}"
EndProject
Project("{9A19103F-16F7-4668-BE54-9A1E7A4F7556}") = "Pavolle.PassCross.Models", "Pavolle.PassCross.Models\Pavolle.PassCross.Models.csproj", "{EF52BEFB-37E5-45DE-A3DB-00CFBB5F340C}"
EndProject
Project("{9A19103F-16F7-4668-BE54-9A1E7A4F7556}") = "Pavolle.PassCross.Common", "Pavolle.PassCross.Common\Pavolle.PassCross.Common.csproj", "{29A78E7A-C023-41F8-B8F3-EE3E81C94A71}"
EndProject
Project("{9A19103F-16F7-4668-BE54-9A1E7A4F7556}") = "Pavolle.PassCross.UnitTests", "Pavolle.PassCross.UnitTests\Pavolle.PassCross.UnitTests.csproj", "{DDCD473B-2AD5-4786-9E49-2BB086189D75}"
EndProject
Project("{2150E333-8FDC-42A3-9474-1A3956D46DE8}") = "Ekim", "Ekim", "{2396AC3C-8BB9-4383-8581-A3A2CA19775B}"
	ProjectSection(SolutionItems) = preProject
		08.10.2023.txt = 08.10.2023.txt
	EndProjectSection
EndProject
Project("{2150E333-8FDC-42A3-9474-1A3956D46DE8}") = "MessageService", "MessageService", "{E0D5E7E9-5B7A-4DD8-BA4B-22BE3253C1BB}"
EndProject
Project("{FAE04EC0-301F-11D3-BF4B-00C04F79EFBC}") = "Pavolle.MessageService.Common", "Pavolle.MessageService.Common\Pavolle.MessageService.Common.csproj", "{03C3659D-198E-49FB-838D-9C97648B28A5}"
EndProject
Project("{FAE04EC0-301F-11D3-BF4B-00C04F79EFBC}") = "Pavolle.MessageService.WebSecurity", "Pavolle.MessageService.WebSecurity\Pavolle.MessageService.WebSecurity.csproj", "{234C6D50-A31E-46E1-959C-E6932F0F7B45}"
EndProject
Project("{FAE04EC0-301F-11D3-BF4B-00C04F79EFBC}") = "Pavolle.MessageService.DbModels", "Pavolle.MessageService.DbModels\Pavolle.MessageService.DbModels.csproj", "{3D613603-24B3-4A0C-A839-2233C597C16C}"
EndProject
Project("{FAE04EC0-301F-11D3-BF4B-00C04F79EFBC}") = "Pavolle.MessageService.ViewModels", "Pavolle.MessageService.ViewModels\Pavolle.MessageService.ViewModels.csproj", "{44F1EE8D-8204-4C6F-BE2F-030A747E4C65}"
EndProject
Global
	GlobalSection(SolutionConfigurationPlatforms) = preSolution
		Debug|Any CPU = Debug|Any CPU
		Release|Any CPU = Release|Any CPU
	EndGlobalSection
	GlobalSection(ProjectConfigurationPlatforms) = postSolution
		{CBD68F50-35BA-4439-9A90-71CFF53D4ABA}.Debug|Any CPU.ActiveCfg = Debug|Any CPU
		{CBD68F50-35BA-4439-9A90-71CFF53D4ABA}.Debug|Any CPU.Build.0 = Debug|Any CPU
		{CBD68F50-35BA-4439-9A90-71CFF53D4ABA}.Release|Any CPU.ActiveCfg = Release|Any CPU
		{CBD68F50-35BA-4439-9A90-71CFF53D4ABA}.Release|Any CPU.Build.0 = Release|Any CPU
		{6E725082-AEA6-44BD-9532-221F7AC7221A}.Debug|Any CPU.ActiveCfg = Debug|Any CPU
		{6E725082-AEA6-44BD-9532-221F7AC7221A}.Debug|Any CPU.Build.0 = Debug|Any CPU
		{6E725082-AEA6-44BD-9532-221F7AC7221A}.Debug|Any CPU.Deploy.0 = Debug|Any CPU
		{6E725082-AEA6-44BD-9532-221F7AC7221A}.Release|Any CPU.ActiveCfg = Release|Any CPU
		{6E725082-AEA6-44BD-9532-221F7AC7221A}.Release|Any CPU.Build.0 = Release|Any CPU
		{6E725082-AEA6-44BD-9532-221F7AC7221A}.Release|Any CPU.Deploy.0 = Release|Any CPU
		{B16D245F-0779-49F0-9B7F-3ECDD913BDCB}.Debug|Any CPU.ActiveCfg = Debug|Any CPU
		{B16D245F-0779-49F0-9B7F-3ECDD913BDCB}.Debug|Any CPU.Build.0 = Debug|Any CPU
		{B16D245F-0779-49F0-9B7F-3ECDD913BDCB}.Release|Any CPU.ActiveCfg = Release|Any CPU
		{B16D245F-0779-49F0-9B7F-3ECDD913BDCB}.Release|Any CPU.Build.0 = Release|Any CPU
		{4387E43A-FBA4-4391-A50D-F79F1F7DDFDD}.Debug|Any CPU.ActiveCfg = Debug|Any CPU
		{4387E43A-FBA4-4391-A50D-F79F1F7DDFDD}.Debug|Any CPU.Build.0 = Debug|Any CPU
		{4387E43A-FBA4-4391-A50D-F79F1F7DDFDD}.Release|Any CPU.ActiveCfg = Release|Any CPU
		{4387E43A-FBA4-4391-A50D-F79F1F7DDFDD}.Release|Any CPU.Build.0 = Release|Any CPU
		{869C1337-297E-4338-B12D-39217BCB5A03}.Debug|Any CPU.ActiveCfg = Debug|Any CPU
		{869C1337-297E-4338-B12D-39217BCB5A03}.Debug|Any CPU.Build.0 = Debug|Any CPU
		{869C1337-297E-4338-B12D-39217BCB5A03}.Release|Any CPU.ActiveCfg = Release|Any CPU
		{869C1337-297E-4338-B12D-39217BCB5A03}.Release|Any CPU.Build.0 = Release|Any CPU
		{EAB4264E-8939-458B-A5EA-1751AEF221BF}.Debug|Any CPU.ActiveCfg = Debug|Any CPU
		{EAB4264E-8939-458B-A5EA-1751AEF221BF}.Debug|Any CPU.Build.0 = Debug|Any CPU
		{EAB4264E-8939-458B-A5EA-1751AEF221BF}.Release|Any CPU.ActiveCfg = Release|Any CPU
		{EAB4264E-8939-458B-A5EA-1751AEF221BF}.Release|Any CPU.Build.0 = Release|Any CPU
		{F66BED77-9E2A-43C9-ABCE-51DFFFFDC44A}.Debug|Any CPU.ActiveCfg = Debug|Any CPU
		{F66BED77-9E2A-43C9-ABCE-51DFFFFDC44A}.Debug|Any CPU.Build.0 = Debug|Any CPU
		{F66BED77-9E2A-43C9-ABCE-51DFFFFDC44A}.Release|Any CPU.ActiveCfg = Release|Any CPU
		{F66BED77-9E2A-43C9-ABCE-51DFFFFDC44A}.Release|Any CPU.Build.0 = Release|Any CPU
		{EF52BEFB-37E5-45DE-A3DB-00CFBB5F340C}.Debug|Any CPU.ActiveCfg = Debug|Any CPU
		{EF52BEFB-37E5-45DE-A3DB-00CFBB5F340C}.Debug|Any CPU.Build.0 = Debug|Any CPU
		{EF52BEFB-37E5-45DE-A3DB-00CFBB5F340C}.Release|Any CPU.ActiveCfg = Release|Any CPU
		{EF52BEFB-37E5-45DE-A3DB-00CFBB5F340C}.Release|Any CPU.Build.0 = Release|Any CPU
		{29A78E7A-C023-41F8-B8F3-EE3E81C94A71}.Debug|Any CPU.ActiveCfg = Debug|Any CPU
		{29A78E7A-C023-41F8-B8F3-EE3E81C94A71}.Debug|Any CPU.Build.0 = Debug|Any CPU
		{29A78E7A-C023-41F8-B8F3-EE3E81C94A71}.Release|Any CPU.ActiveCfg = Release|Any CPU
		{29A78E7A-C023-41F8-B8F3-EE3E81C94A71}.Release|Any CPU.Build.0 = Release|Any CPU
		{DDCD473B-2AD5-4786-9E49-2BB086189D75}.Debug|Any CPU.ActiveCfg = Debug|Any CPU
		{DDCD473B-2AD5-4786-9E49-2BB086189D75}.Debug|Any CPU.Build.0 = Debug|Any CPU
		{DDCD473B-2AD5-4786-9E49-2BB086189D75}.Release|Any CPU.ActiveCfg = Release|Any CPU
		{DDCD473B-2AD5-4786-9E49-2BB086189D75}.Release|Any CPU.Build.0 = Release|Any CPU
		{03C3659D-198E-49FB-838D-9C97648B28A5}.Debug|Any CPU.ActiveCfg = Debug|Any CPU
		{03C3659D-198E-49FB-838D-9C97648B28A5}.Debug|Any CPU.Build.0 = Debug|Any CPU
		{03C3659D-198E-49FB-838D-9C97648B28A5}.Release|Any CPU.ActiveCfg = Release|Any CPU
		{03C3659D-198E-49FB-838D-9C97648B28A5}.Release|Any CPU.Build.0 = Release|Any CPU
		{234C6D50-A31E-46E1-959C-E6932F0F7B45}.Debug|Any CPU.ActiveCfg = Debug|Any CPU
		{234C6D50-A31E-46E1-959C-E6932F0F7B45}.Debug|Any CPU.Build.0 = Debug|Any CPU
		{234C6D50-A31E-46E1-959C-E6932F0F7B45}.Release|Any CPU.ActiveCfg = Release|Any CPU
		{234C6D50-A31E-46E1-959C-E6932F0F7B45}.Release|Any CPU.Build.0 = Release|Any CPU
		{3D613603-24B3-4A0C-A839-2233C597C16C}.Debug|Any CPU.ActiveCfg = Debug|Any CPU
		{3D613603-24B3-4A0C-A839-2233C597C16C}.Debug|Any CPU.Build.0 = Debug|Any CPU
		{3D613603-24B3-4A0C-A839-2233C597C16C}.Release|Any CPU.ActiveCfg = Release|Any CPU
		{3D613603-24B3-4A0C-A839-2233C597C16C}.Release|Any CPU.Build.0 = Release|Any CPU
		{44F1EE8D-8204-4C6F-BE2F-030A747E4C65}.Debug|Any CPU.ActiveCfg = Debug|Any CPU
		{44F1EE8D-8204-4C6F-BE2F-030A747E4C65}.Debug|Any CPU.Build.0 = Debug|Any CPU
		{44F1EE8D-8204-4C6F-BE2F-030A747E4C65}.Release|Any CPU.ActiveCfg = Release|Any CPU
		{44F1EE8D-8204-4C6F-BE2F-030A747E4C65}.Release|Any CPU.Build.0 = Release|Any CPU
	EndGlobalSection
	GlobalSection(SolutionProperties) = preSolution
		HideSolutionNode = FALSE
	EndGlobalSection
	GlobalSection(NestedProjects) = preSolution
		{E20A050E-3CC9-418E-A6F8-07CE4CD4B4B5} = {9328F32F-9C58-4238-A833-423E5AC98614}
		{CBD68F50-35BA-4439-9A90-71CFF53D4ABA} = {E20A050E-3CC9-418E-A6F8-07CE4CD4B4B5}
		{59CD6A3D-7959-4CE0-9D4E-B65927D030DB} = {45FE0CE4-3424-40A8-A14F-28C427FF7E63}
		{5CA65C37-3496-447E-89F3-00F4529379D6} = {59CD6A3D-7959-4CE0-9D4E-B65927D030DB}
		{F5A32C39-EB0B-422B-AA2E-484E65F752AE} = {5CA65C37-3496-447E-89F3-00F4529379D6}
		{6E725082-AEA6-44BD-9532-221F7AC7221A} = {F8CCEE4F-07DB-47BF-B107-C0CBE39AB41D}
		{F8CCEE4F-07DB-47BF-B107-C0CBE39AB41D} = {FB8FEB6D-65F6-43E7-A4AD-DD6DA1F65CDF}
		{B16D245F-0779-49F0-9B7F-3ECDD913BDCB} = {B58E18F5-D166-483E-AFFE-EDC7DEA317F4}
		{78B443E1-B173-4957-8516-61A1A8A5B404} = {8AC250C4-4F76-4AD1-B202-5D8EC5168023}
		{4387E43A-FBA4-4391-A50D-F79F1F7DDFDD} = {78B443E1-B173-4957-8516-61A1A8A5B404}
		{869C1337-297E-4338-B12D-39217BCB5A03} = {B58E18F5-D166-483E-AFFE-EDC7DEA317F4}
		{EAB4264E-8939-458B-A5EA-1751AEF221BF} = {B58E18F5-D166-483E-AFFE-EDC7DEA317F4}
		{F66BED77-9E2A-43C9-ABCE-51DFFFFDC44A} = {F8CCEE4F-07DB-47BF-B107-C0CBE39AB41D}
		{EF52BEFB-37E5-45DE-A3DB-00CFBB5F340C} = {F8CCEE4F-07DB-47BF-B107-C0CBE39AB41D}
		{29A78E7A-C023-41F8-B8F3-EE3E81C94A71} = {F8CCEE4F-07DB-47BF-B107-C0CBE39AB41D}
		{DDCD473B-2AD5-4786-9E49-2BB086189D75} = {F8CCEE4F-07DB-47BF-B107-C0CBE39AB41D}
		{2396AC3C-8BB9-4383-8581-A3A2CA19775B} = {59CD6A3D-7959-4CE0-9D4E-B65927D030DB}
		{03C3659D-198E-49FB-838D-9C97648B28A5} = {E0D5E7E9-5B7A-4DD8-BA4B-22BE3253C1BB}
		{234C6D50-A31E-46E1-959C-E6932F0F7B45} = {E0D5E7E9-5B7A-4DD8-BA4B-22BE3253C1BB}
		{3D613603-24B3-4A0C-A839-2233C597C16C} = {E0D5E7E9-5B7A-4DD8-BA4B-22BE3253C1BB}
		{44F1EE8D-8204-4C6F-BE2F-030A747E4C65} = {E0D5E7E9-5B7A-4DD8-BA4B-22BE3253C1BB}
	EndGlobalSection
	GlobalSection(ExtensibilityGlobals) = postSolution
		SolutionGuid = {7BD723E9-424D-44E5-B683-4F14A0EFB246}
	EndGlobalSection
EndGlobal
