
Microsoft Visual Studio Solution File, Format Version 12.00
# Visual Studio Version 17
VisualStudioVersion = 17.7.34031.279
MinimumVisualStudioVersion = 10.0.40219.1
Project("{2150E333-8FDC-42A3-9474-1A3956D46DE8}") = "Smart App Coder", "Smart App Coder", "{E20A050E-3CC9-418E-A6F8-07CE4CD4B4B5}"
EndProject
Project("{9A19103F-16F7-4668-BE54-9A1E7A4F7556}") = "Pavolle.SmartAppCoder", "Pavolle.SmartAppCoder\Pavolle.SmartAppCoder.csproj", "{CBD68F50-35BA-4439-9A90-71CFF53D4ABA}"
EndProject
Project("{2150E333-8FDC-42A3-9474-1A3956D46DE8}") = "0000 Neleri Başardık", "0000 Neleri Başardık", "{45FE0CE4-3424-40A8-A14F-28C427FF7E63}"
EndProject
Project("{2150E333-8FDC-42A3-9474-1A3956D46DE8}") = "2023", "2023", "{59CD6A3D-7959-4CE0-9D4E-B65927D030DB}"
EndProject
Project("{2150E333-8FDC-42A3-9474-1A3956D46DE8}") = "Eylul", "Eylul", "{5CA65C37-3496-447E-89F3-00F4529379D6}"
EndProject
Project("{2150E333-8FDC-42A3-9474-1A3956D46DE8}") = "Agha", "Agha", "{F5A32C39-EB0B-422B-AA2E-484E65F752AE}"
	ProjectSection(SolutionItems) = preProject
		20.09.2023.txt = 20.09.2023.txt
		21.09.2023.txt = 21.09.2023.txt
		22.09.2023.txt = 22.09.2023.txt
		29.09.2023.txt = 29.09.2023.txt
	EndProjectSection
EndProject
Project("{2150E333-8FDC-42A3-9474-1A3956D46DE8}") = "Projects", "Projects", "{9328F32F-9C58-4238-A833-423E5AC98614}"
EndProject
Project("{2150E333-8FDC-42A3-9474-1A3956D46DE8}") = "Game", "Game", "{FB8FEB6D-65F6-43E7-A4AD-DD6DA1F65CDF}"
EndProject
Project("{9A19103F-16F7-4668-BE54-9A1E7A4F7556}") = "Pavolle.PassCross", "Pavolle.PassCross\Pavolle.PassCross.csproj", "{6E725082-AEA6-44BD-9532-221F7AC7221A}"
EndProject
Project("{2150E333-8FDC-42A3-9474-1A3956D46DE8}") = "PassCross", "PassCross", "{F8CCEE4F-07DB-47BF-B107-C0CBE39AB41D}"
	ProjectSection(SolutionItems) = preProject
		BeyinFirtinasi.txt = BeyinFirtinasi.txt
	EndProjectSection
EndProject
Project("{9A19103F-16F7-4668-BE54-9A1E7A4F7556}") = "Pavolle.MobileCore", "Pavolle.MobileCore\Pavolle.MobileCore.csproj", "{B16D245F-0779-49F0-9B7F-3ECDD913BDCB}"
EndProject
Project("{2150E333-8FDC-42A3-9474-1A3956D46DE8}") = "Core", "Core", "{B58E18F5-D166-483E-AFFE-EDC7DEA317F4}"
EndProject
Project("{2150E333-8FDC-42A3-9474-1A3956D46DE8}") = "ARGE", "ARGE", "{8AC250C4-4F76-4AD1-B202-5D8EC5168023}"
EndProject
Project("{2150E333-8FDC-42A3-9474-1A3956D46DE8}") = "Face Recognition", "Face Recognition", "{78B443E1-B173-4957-8516-61A1A8A5B404}"
EndProject
Project("{9A19103F-16F7-4668-BE54-9A1E7A4F7556}") = "Pavolle.FaceRecognitionSample", "Pavolle.FaceRecognitionSample\Pavolle.FaceRecognitionSample.csproj", "{4387E43A-FBA4-4391-A50D-F79F1F7DDFDD}"
EndProject
Project("{9A19103F-16F7-4668-BE54-9A1E7A4F7556}") = "Pavolle.Core", "Pavolle.Core\Pavolle.Core.csproj", "{869C1337-297E-4338-B12D-39217BCB5A03}"
EndProject
Project("{9A19103F-16F7-4668-BE54-9A1E7A4F7556}") = "Pavolle.Security", "Pavolle.Security\Pavolle.Security.csproj", "{EAB4264E-8939-458B-A5EA-1751AEF221BF}"
EndProject
Project("{9A19103F-16F7-4668-BE54-9A1E7A4F7556}") = "Pavolle.PassCross.Business", "Pavolle.PassCross.Business\Pavolle.PassCross.Business.csproj", "{F66BED77-9E2A-43C9-ABCE-51DFFFFDC44A}"
EndProject
Project("{9A19103F-16F7-4668-BE54-9A1E7A4F7556}") = "Pavolle.PassCross.Models", "Pavolle.PassCross.Models\Pavolle.PassCross.Models.csproj", "{EF52BEFB-37E5-45DE-A3DB-00CFBB5F340C}"
EndProject
Project("{9A19103F-16F7-4668-BE54-9A1E7A4F7556}") = "Pavolle.PassCross.Common", "Pavolle.PassCross.Common\Pavolle.PassCross.Common.csproj", "{29A78E7A-C023-41F8-B8F3-EE3E81C94A71}"
EndProject
Project("{9A19103F-16F7-4668-BE54-9A1E7A4F7556}") = "Pavolle.PassCross.UnitTests", "Pavolle.PassCross.UnitTests\Pavolle.PassCross.UnitTests.csproj", "{DDCD473B-2AD5-4786-9E49-2BB086189D75}"
EndProject
Project("{2150E333-8FDC-42A3-9474-1A3956D46DE8}") = "Ekim", "Ekim", "{2396AC3C-8BB9-4383-8581-A3A2CA19775B}"
	ProjectSection(SolutionItems) = preProject
		08.10.2023.txt = 08.10.2023.txt
		10.10.2023.txt = 10.10.2023.txt
	EndProjectSection
EndProject
Project("{2150E333-8FDC-42A3-9474-1A3956D46DE8}") = "Supplera", "Supplera", "{463F100C-D612-4E53-A67E-BAB6A55E859E}"
	ProjectSection(SolutionItems) = preProject
		ProjePlanlama.txt = ProjePlanlama.txt
	EndProjectSection
EndProject
Project("{2150E333-8FDC-42A3-9474-1A3956D46DE8}") = "Business Ecosystem Software", "Business Ecosystem Software", "{9362482A-2A9C-4109-AD5E-53D018922511}"
EndProject
Project("{9A19103F-16F7-4668-BE54-9A1E7A4F7556}") = "Pavolle.BES.AuthServer.Business", "Pavolle.BES.AuthServer.Business\Pavolle.BES.AuthServer.Business.csproj", "{246E8066-4744-4F6E-995C-2F6954A7617B}"
EndProject
Project("{2150E333-8FDC-42A3-9474-1A3956D46DE8}") = "Auth Server", "Auth Server", "{7B194182-3B91-4D9E-B4B0-E2CE94BFB60E}"
	ProjectSection(SolutionItems) = preProject
		Auth Server Proje Amacı.txt = Auth Server Proje Amacı.txt
	EndProjectSection
EndProject
Project("{9A19103F-16F7-4668-BE54-9A1E7A4F7556}") = "Pavolle.BES.AuthServer.ViewModels", "Pavolle.BES.AuthServer.ViewModels\Pavolle.BES.AuthServer.ViewModels.csproj", "{F442CE7E-E197-4839-A403-1A9518EF27FE}"
EndProject
Project("{9A19103F-16F7-4668-BE54-9A1E7A4F7556}") = "Pavolle.BES.AuthServer.Common", "Pavolle.BES.AuthServer.Common\Pavolle.BES.AuthServer.Common.csproj", "{5B568F09-5AFD-43E9-9866-91FF39E059E4}"
EndProject
Project("{9A19103F-16F7-4668-BE54-9A1E7A4F7556}") = "Pavolle.BES.AuthServer.WebSecurity", "Pavolle.BES.AuthServer.WebSecurity\Pavolle.BES.AuthServer.WebSecurity.csproj", "{6C444D84-18E7-432A-8554-CE4092430E06}"
EndProject
Project("{9A19103F-16F7-4668-BE54-9A1E7A4F7556}") = "Pavolle.BES.AuthServer.DbModels", "Pavolle.BES.AuthServer.DbModels\Pavolle.BES.AuthServer.DbModels.csproj", "{961D37EE-DB5C-49D8-ADB0-6E759B88F79F}"
EndProject
Project("{9A19103F-16F7-4668-BE54-9A1E7A4F7556}") = "Pavolle.BES.AuthServer.WebApp", "Pavolle.BES.AuthServer.WebApp\Pavolle.BES.AuthServer.WebApp.csproj", "{2650864A-4970-4E4D-80AB-8F0AC3D06713}"
EndProject
Project("{9A19103F-16F7-4668-BE54-9A1E7A4F7556}") = "Pavolle.BES.AuthServer.UnitTests", "Pavolle.BES.AuthServer.UnitTests\Pavolle.BES.AuthServer.UnitTests.csproj", "{AA758688-D844-4113-BB9E-37C75F0BB29F}"
EndProject
Project("{9A19103F-16F7-4668-BE54-9A1E7A4F7556}") = "Pavolle.BES.AuthServer.ClientLib", "Pavolle.BES.AuthServer.ClientLib\Pavolle.BES.AuthServer.ClientLib.csproj", "{C1218DBD-C939-40C0-8BCB-27A9F88F83A0}"
EndProject
Project("{9A19103F-16F7-4668-BE54-9A1E7A4F7556}") = "Pavolle.BES.AuthServer.IntegrationService", "Pavolle.BES.AuthServer.IntegrationService\Pavolle.BES.AuthServer.IntegrationService.csproj", "{5277D7AE-0552-49EC-A24C-CF5061256DFD}"
EndProject
Project("{2150E333-8FDC-42A3-9474-1A3956D46DE8}") = "App Server", "App Server", "{4B3560EB-D565-47E4-9674-C30C6EF52ACC}"
EndProject
Project("{9A19103F-16F7-4668-BE54-9A1E7A4F7556}") = "Pavolle.BES.AppServer.Business", "Pavolle.BES.AppServer.Business\Pavolle.BES.AppServer.Business.csproj", "{A0B3F58F-0529-4CE8-967A-9E4172440A16}"
EndProject
Project("{9A19103F-16F7-4668-BE54-9A1E7A4F7556}") = "Pavolle.BES.SetupApp", "Pavolle.BES.SetupApp\Pavolle.BES.SetupApp.csproj", "{83BEC94A-B3EA-495B-86CA-AFB2F2D63576}"
EndProject
Project("{2150E333-8FDC-42A3-9474-1A3956D46DE8}") = "Log Server", "Log Server", "{6E10B743-AC05-4390-BF8C-23569802D5F9}"
EndProject
Project("{9A19103F-16F7-4668-BE54-9A1E7A4F7556}") = "Pavolle.BES.LogServer.Business", "Pavolle.BES.LogServer.Business\Pavolle.BES.LogServer.Business.csproj", "{7CF7D9C0-5D31-4C2F-AF2D-48AD3B5A5917}"
EndProject
Project("{9A19103F-16F7-4668-BE54-9A1E7A4F7556}") = "Pavolle.BES.LogServer.Service", "Pavolle.BES.LogServer.Service\Pavolle.BES.LogServer.Service.csproj", "{5F14F9A5-3E1D-47FB-9070-BACE853834D1}"
EndProject
Project("{9A19103F-16F7-4668-BE54-9A1E7A4F7556}") = "Pavolle.BES.LogServer.RabbitClient", "Pavolle.BES.LogServer.RabbitClient\Pavolle.BES.LogServer.RabbitClient.csproj", "{D32E6DB4-F35A-453B-9303-7FDF94BB699B}"
EndProject
Project("{9A19103F-16F7-4668-BE54-9A1E7A4F7556}") = "Pavolle.BES.LogServer.ViewModels", "Pavolle.BES.LogServer.ViewModels\Pavolle.BES.LogServer.ViewModels.csproj", "{849A3051-F74F-45D2-AF70-F14FB7B8D77B}"
EndProject
Project("{2150E333-8FDC-42A3-9474-1A3956D46DE8}") = "Setting Server", "Setting Server", "{2D88E77B-5969-47EA-9BCB-6D021D05D1E5}"
EndProject
Project("{9A19103F-16F7-4668-BE54-9A1E7A4F7556}") = "Pavolle.BES.SettingServer.Business", "Pavolle.BES.SettingServer.Business\Pavolle.BES.SettingServer.Business.csproj", "{DFA3D868-BDB8-4CDA-B0EC-2F2E68862B64}"
EndProject
Project("{9A19103F-16F7-4668-BE54-9A1E7A4F7556}") = "Pavolle.BES.SettingServer.Common", "Pavolle.BES.SettingServer.Common\Pavolle.BES.SettingServer.Common.csproj", "{A4423CF0-C399-48C4-B071-AD222FE1677B}"
EndProject
Project("{9A19103F-16F7-4668-BE54-9A1E7A4F7556}") = "Pavolle.BES.SettingServer.Service", "Pavolle.BES.SettingServer.Service\Pavolle.BES.SettingServer.Service.csproj", "{50750AA0-1FB6-4126-AC42-E71766F5346D}"
EndProject
Project("{9A19103F-16F7-4668-BE54-9A1E7A4F7556}") = "Pavolle.BES.SettingServer.ViewModels", "Pavolle.BES.SettingServer.ViewModels\Pavolle.BES.SettingServer.ViewModels.csproj", "{C6293165-A2BD-41AF-BE45-D2AAD5A1CC4A}"
EndProject
Project("{9A19103F-16F7-4668-BE54-9A1E7A4F7556}") = "Pavolle.BES.SettingServer.DbModels", "Pavolle.BES.SettingServer.DbModels\Pavolle.BES.SettingServer.DbModels.csproj", "{8F668A38-8A58-4398-8B56-EF1BE4D70EF4}"
EndProject
Project("{9A19103F-16F7-4668-BE54-9A1E7A4F7556}") = "Pavolle.BES.LogServer.ClientLib", "Pavolle.BES.LogServer.ClientLib\Pavolle.BES.LogServer.ClientLib.csproj", "{FB048650-B946-4A81-8C0A-547F2A4AE840}"
EndProject
Project("{9A19103F-16F7-4668-BE54-9A1E7A4F7556}") = "Pavolle.BES.LogServer.Common", "Pavolle.BES.LogServer.Common\Pavolle.BES.LogServer.Common.csproj", "{BDE943A4-9B2A-4B0E-AAC0-0244EAB7F6A4}"
EndProject
Project("{9A19103F-16F7-4668-BE54-9A1E7A4F7556}") = "Pavolle.BES.SettingServer.ClientLib", "Pavolle.BES.SettingServer.ClientLib\Pavolle.BES.SettingServer.ClientLib.csproj", "{B482862F-F7B2-49D0-988D-E7DCE7ACFE3A}"
EndProject
Project("{9A19103F-16F7-4668-BE54-9A1E7A4F7556}") = "Pavolle.BES.SettingServer.UnitTests", "Pavolle.BES.SettingServer.UnitTests\Pavolle.BES.SettingServer.UnitTests.csproj", "{4912F9F3-17B3-4154-9B2B-B0E3B25F8024}"
EndProject
Project("{9A19103F-16F7-4668-BE54-9A1E7A4F7556}") = "Pavolle.BES.SettingServer.WebSecurity", "Pavolle.BES.SettingServer.WebSecurity\Pavolle.BES.SettingServer.WebSecurity.csproj", "{61ABA8E4-121F-4A86-A0A2-37A86B48D29A}"
EndProject
Project("{2150E333-8FDC-42A3-9474-1A3956D46DE8}") = "Translate Server", "Translate Server", "{7B8A5DB6-EB15-43A2-A4E4-4593ACA6A7FC}"
EndProject
Project("{9A19103F-16F7-4668-BE54-9A1E7A4F7556}") = "Pavolle.BES.TranslateServer.Business", "Pavolle.BES.TranslateServer.Business\Pavolle.BES.TranslateServer.Business.csproj", "{98C64133-4833-40C1-A048-B3E83D8FAAD0}"
EndProject
Project("{9A19103F-16F7-4668-BE54-9A1E7A4F7556}") = "Pavolle.BES.LogServer.WebSecurity", "Pavolle.BES.LogServer.WebSecurity\Pavolle.BES.LogServer.WebSecurity.csproj", "{0DBAF86E-0B38-4533-809B-B7A6335ADDE8}"
EndProject
Project("{9A19103F-16F7-4668-BE54-9A1E7A4F7556}") = "Pavolle.BES.LogServer.UnitTests", "Pavolle.BES.LogServer.UnitTests\Pavolle.BES.LogServer.UnitTests.csproj", "{B4F3CF71-7161-4561-893B-DA37E98EA284}"
EndProject
Project("{9A19103F-16F7-4668-BE54-9A1E7A4F7556}") = "Pavolle.BES.AppServer.WebApp", "Pavolle.BES.AppServer.WebApp\Pavolle.BES.AppServer.WebApp.csproj", "{A5BB6900-AEF1-4F77-9DEC-87A26735F7D3}"
EndProject
Project("{9A19103F-16F7-4668-BE54-9A1E7A4F7556}") = "Pavolle.BES.AppServer.IntegrationService", "Pavolle.BES.AppServer.IntegrationService\Pavolle.BES.AppServer.IntegrationService.csproj", "{B489CD6C-1C1B-446C-90FD-DA55C7E3C319}"
EndProject
Project("{9A19103F-16F7-4668-BE54-9A1E7A4F7556}") = "Pavolle.BES.AppServer.WebSiteIntegration", "Pavolle.BES.AppServer.WebSiteIntegration\Pavolle.BES.AppServer.WebSiteIntegration.csproj", "{3B662BAB-0316-4C95-9C92-334C6AB3B838}"
EndProject
Project("{9A19103F-16F7-4668-BE54-9A1E7A4F7556}") = "Pavolle.BES.AppServer.MobileAppIntegration", "Pavolle.BES.AppServer.MobileAppIntegration\Pavolle.BES.AppServer.MobileAppIntegration.csproj", "{5DF4B94B-D176-49ED-90CE-FCB1FED57D1F}"
EndProject
Project("{9A19103F-16F7-4668-BE54-9A1E7A4F7556}") = "Pavolle.BES.AppServer.FormIntegration", "Pavolle.BES.AppServer.FormIntegration\Pavolle.BES.AppServer.FormIntegration.csproj", "{A21E481D-7A0A-404D-BD6F-81B5613644E9}"
EndProject
Project("{9A19103F-16F7-4668-BE54-9A1E7A4F7556}") = "Pavolle.BES.AppServer.IKIntegration", "Pavolle.BES.AppServer.IKIntegration\Pavolle.BES.AppServer.IKIntegration.csproj", "{09B5EE10-1737-40FF-B510-CEC7050BEDDA}"
EndProject
Project("{9A19103F-16F7-4668-BE54-9A1E7A4F7556}") = "Pavolle.BES.AppServer.CaptchaService", "Pavolle.BES.AppServer.CaptchaService\Pavolle.BES.AppServer.CaptchaService.csproj", "{78247239-0B11-4F2C-AAE7-EF3928892AC1}"
EndProject
Project("{9A19103F-16F7-4668-BE54-9A1E7A4F7556}") = "Pavolle.BES.AppServer.WebSecurity", "Pavolle.BES.AppServer.WebSecurity\Pavolle.BES.AppServer.WebSecurity.csproj", "{C0E2C893-69EC-4EA9-9D7E-4A065E26EC72}"
EndProject
Project("{9A19103F-16F7-4668-BE54-9A1E7A4F7556}") = "Pavolle.BES.AppServer.Common", "Pavolle.BES.AppServer.Common\Pavolle.BES.AppServer.Common.csproj", "{ACEA6CD0-7CFA-494A-86F4-F4042D68F485}"
EndProject
Project("{9A19103F-16F7-4668-BE54-9A1E7A4F7556}") = "Pavolle.BES.AppServer.JobService", "Pavolle.BES.AppServer.JobService\Pavolle.BES.AppServer.JobService.csproj", "{F398FD6D-C685-4667-81A7-992B40D71BD3}"
EndProject
Project("{2150E333-8FDC-42A3-9474-1A3956D46DE8}") = "SMS Server", "SMS Server", "{51F3E92B-AB8A-47C9-8B6F-ADCD11DCA7C1}"
EndProject
Project("{2150E333-8FDC-42A3-9474-1A3956D46DE8}") = "Mail Server", "Mail Server", "{BA224DF4-A08D-44C6-88D3-CD03E53FB4C1}"
EndProject
Project("{9A19103F-16F7-4668-BE54-9A1E7A4F7556}") = "Pavolle.BES.MailServer.Business", "Pavolle.BES.MailServer.Business\Pavolle.BES.MailServer.Business.csproj", "{63826C34-287A-42C8-BEB0-52E7AD0153F0}"
EndProject
Project("{9A19103F-16F7-4668-BE54-9A1E7A4F7556}") = "Pavolle.BES.MailServer.Common", "Pavolle.BES.MailServer.Common\Pavolle.BES.MailServer.Common.csproj", "{61E0A6F9-C483-4003-A921-752EA1968ABF}"
EndProject
Project("{9A19103F-16F7-4668-BE54-9A1E7A4F7556}") = "Pavolle.BES.MailServer.ViewModels", "Pavolle.BES.MailServer.ViewModels\Pavolle.BES.MailServer.ViewModels.csproj", "{8ADE2759-4A71-48F1-BF3A-FF7460AB6CED}"
EndProject
Project("{9A19103F-16F7-4668-BE54-9A1E7A4F7556}") = "Pavolle.BES.MailServer.WebSecurity", "Pavolle.BES.MailServer.WebSecurity\Pavolle.BES.MailServer.WebSecurity.csproj", "{5C2DD89B-2CA9-4C2C-8A16-567F18906BD5}"
EndProject
Project("{9A19103F-16F7-4668-BE54-9A1E7A4F7556}") = "Pavolle.BES.MailServer.DbModels", "Pavolle.BES.MailServer.DbModels\Pavolle.BES.MailServer.DbModels.csproj", "{A02456B0-1BA3-41AB-AFA8-D86BD3C334E2}"
EndProject
Project("{9A19103F-16F7-4668-BE54-9A1E7A4F7556}") = "Pavolle.BES.MailServer.Service", "Pavolle.BES.MailServer.Service\Pavolle.BES.MailServer.Service.csproj", "{832D518B-232F-4DE3-B300-04D9967B5AB0}"
EndProject
Project("{9A19103F-16F7-4668-BE54-9A1E7A4F7556}") = "Pavolle.BES.MailServer.UnitTests", "Pavolle.BES.MailServer.UnitTests\Pavolle.BES.MailServer.UnitTests.csproj", "{00C18DB9-E3A7-4A7D-A91E-414A54B514BC}"
EndProject
Project("{9A19103F-16F7-4668-BE54-9A1E7A4F7556}") = "Pavolle.BES.MailServer.ClientLib", "Pavolle.BES.MailServer.ClientLib\Pavolle.BES.MailServer.ClientLib.csproj", "{80CFC61D-F6E8-4DCD-901D-F98A88BBE2CF}"
EndProject
Project("{FAE04EC0-301F-11D3-BF4B-00C04F79EFBC}") = "Pavolle.BES.SMSServer.Business", "Pavolle.BES.SMSServer.Business\Pavolle.BES.SMSServer.Business.csproj", "{D5F55974-55E0-41D6-89BB-13EBA8E2B5DA}"
EndProject
Project("{FAE04EC0-301F-11D3-BF4B-00C04F79EFBC}") = "Pavolle.BES.SMSServer.Common", "Pavolle.BES.SMSServer.Common\Pavolle.BES.SMSServer.Common.csproj", "{627DF703-5AEA-4872-9A22-B57BFAEF5327}"
EndProject
Project("{FAE04EC0-301F-11D3-BF4B-00C04F79EFBC}") = "Pavolle.BES.SMSServer.ViewModels", "Pavolle.BES.SMSServer.ViewModels\Pavolle.BES.SMSServer.ViewModels.csproj", "{55C2CB1D-8EF9-44D0-B930-211E30EA93BD}"
EndProject
Project("{FAE04EC0-301F-11D3-BF4B-00C04F79EFBC}") = "Pavolle.BES.SMSServer.DbModels", "Pavolle.BES.SMSServer.DbModels\Pavolle.BES.SMSServer.DbModels.csproj", "{F5EE6CFB-7B8F-4F46-B56C-A0BA8C14605C}"
EndProject
Project("{FAE04EC0-301F-11D3-BF4B-00C04F79EFBC}") = "Pavolle.BES.SMSServer.RabbitMQClient", "Pavolle.BES.SMSServer.RabbitMQClient\Pavolle.BES.SMSServer.RabbitMQClient.csproj", "{CEBA8E84-30C1-4813-A9C8-302A497FD539}"
EndProject
Project("{FAE04EC0-301F-11D3-BF4B-00C04F79EFBC}") = "Pavolle.BES.SMSServer.WebSecurity", "Pavolle.BES.SMSServer.WebSecurity\Pavolle.BES.SMSServer.WebSecurity.csproj", "{522145EF-81B9-4141-9E33-A40CAD13B84F}"
EndProject
Project("{FAE04EC0-301F-11D3-BF4B-00C04F79EFBC}") = "Pavolle.BES.SMSServer.Service", "Pavolle.BES.SMSServer.Service\Pavolle.BES.SMSServer.Service.csproj", "{BE61F1DD-76F5-4EB8-8F7A-23C820BFE5B4}"
EndProject
Project("{FAE04EC0-301F-11D3-BF4B-00C04F79EFBC}") = "Pavolle.BES.SMSServer.UnitTests", "Pavolle.BES.SMSServer.UnitTests\Pavolle.BES.SMSServer.UnitTests.csproj", "{FDF37A88-A9FF-49F3-BA39-C884FDCB0F6C}"
EndProject
Project("{FAE04EC0-301F-11D3-BF4B-00C04F79EFBC}") = "Pavolle.BES.SMSServer.ClientLib", "Pavolle.BES.SMSServer.ClientLib\Pavolle.BES.SMSServer.ClientLib.csproj", "{C2B8BA55-5CC1-4443-BAA3-18A8347718E5}"
EndProject
Global
	GlobalSection(SolutionConfigurationPlatforms) = preSolution
		Debug|Any CPU = Debug|Any CPU
		Release|Any CPU = Release|Any CPU
	EndGlobalSection
	GlobalSection(ProjectConfigurationPlatforms) = postSolution
		{CBD68F50-35BA-4439-9A90-71CFF53D4ABA}.Debug|Any CPU.ActiveCfg = Debug|Any CPU
		{CBD68F50-35BA-4439-9A90-71CFF53D4ABA}.Debug|Any CPU.Build.0 = Debug|Any CPU
		{CBD68F50-35BA-4439-9A90-71CFF53D4ABA}.Release|Any CPU.ActiveCfg = Release|Any CPU
		{CBD68F50-35BA-4439-9A90-71CFF53D4ABA}.Release|Any CPU.Build.0 = Release|Any CPU
		{6E725082-AEA6-44BD-9532-221F7AC7221A}.Debug|Any CPU.ActiveCfg = Debug|Any CPU
		{6E725082-AEA6-44BD-9532-221F7AC7221A}.Debug|Any CPU.Build.0 = Debug|Any CPU
		{6E725082-AEA6-44BD-9532-221F7AC7221A}.Debug|Any CPU.Deploy.0 = Debug|Any CPU
		{6E725082-AEA6-44BD-9532-221F7AC7221A}.Release|Any CPU.ActiveCfg = Release|Any CPU
		{6E725082-AEA6-44BD-9532-221F7AC7221A}.Release|Any CPU.Build.0 = Release|Any CPU
		{6E725082-AEA6-44BD-9532-221F7AC7221A}.Release|Any CPU.Deploy.0 = Release|Any CPU
		{B16D245F-0779-49F0-9B7F-3ECDD913BDCB}.Debug|Any CPU.ActiveCfg = Debug|Any CPU
		{B16D245F-0779-49F0-9B7F-3ECDD913BDCB}.Debug|Any CPU.Build.0 = Debug|Any CPU
		{B16D245F-0779-49F0-9B7F-3ECDD913BDCB}.Release|Any CPU.ActiveCfg = Release|Any CPU
		{B16D245F-0779-49F0-9B7F-3ECDD913BDCB}.Release|Any CPU.Build.0 = Release|Any CPU
		{4387E43A-FBA4-4391-A50D-F79F1F7DDFDD}.Debug|Any CPU.ActiveCfg = Debug|Any CPU
		{4387E43A-FBA4-4391-A50D-F79F1F7DDFDD}.Debug|Any CPU.Build.0 = Debug|Any CPU
		{4387E43A-FBA4-4391-A50D-F79F1F7DDFDD}.Release|Any CPU.ActiveCfg = Release|Any CPU
		{4387E43A-FBA4-4391-A50D-F79F1F7DDFDD}.Release|Any CPU.Build.0 = Release|Any CPU
		{869C1337-297E-4338-B12D-39217BCB5A03}.Debug|Any CPU.ActiveCfg = Debug|Any CPU
		{869C1337-297E-4338-B12D-39217BCB5A03}.Debug|Any CPU.Build.0 = Debug|Any CPU
		{869C1337-297E-4338-B12D-39217BCB5A03}.Release|Any CPU.ActiveCfg = Release|Any CPU
		{869C1337-297E-4338-B12D-39217BCB5A03}.Release|Any CPU.Build.0 = Release|Any CPU
		{EAB4264E-8939-458B-A5EA-1751AEF221BF}.Debug|Any CPU.ActiveCfg = Debug|Any CPU
		{EAB4264E-8939-458B-A5EA-1751AEF221BF}.Debug|Any CPU.Build.0 = Debug|Any CPU
		{EAB4264E-8939-458B-A5EA-1751AEF221BF}.Release|Any CPU.ActiveCfg = Release|Any CPU
		{EAB4264E-8939-458B-A5EA-1751AEF221BF}.Release|Any CPU.Build.0 = Release|Any CPU
		{F66BED77-9E2A-43C9-ABCE-51DFFFFDC44A}.Debug|Any CPU.ActiveCfg = Debug|Any CPU
		{F66BED77-9E2A-43C9-ABCE-51DFFFFDC44A}.Debug|Any CPU.Build.0 = Debug|Any CPU
		{F66BED77-9E2A-43C9-ABCE-51DFFFFDC44A}.Release|Any CPU.ActiveCfg = Release|Any CPU
		{F66BED77-9E2A-43C9-ABCE-51DFFFFDC44A}.Release|Any CPU.Build.0 = Release|Any CPU
		{EF52BEFB-37E5-45DE-A3DB-00CFBB5F340C}.Debug|Any CPU.ActiveCfg = Debug|Any CPU
		{EF52BEFB-37E5-45DE-A3DB-00CFBB5F340C}.Debug|Any CPU.Build.0 = Debug|Any CPU
		{EF52BEFB-37E5-45DE-A3DB-00CFBB5F340C}.Release|Any CPU.ActiveCfg = Release|Any CPU
		{EF52BEFB-37E5-45DE-A3DB-00CFBB5F340C}.Release|Any CPU.Build.0 = Release|Any CPU
		{29A78E7A-C023-41F8-B8F3-EE3E81C94A71}.Debug|Any CPU.ActiveCfg = Debug|Any CPU
		{29A78E7A-C023-41F8-B8F3-EE3E81C94A71}.Debug|Any CPU.Build.0 = Debug|Any CPU
		{29A78E7A-C023-41F8-B8F3-EE3E81C94A71}.Release|Any CPU.ActiveCfg = Release|Any CPU
		{29A78E7A-C023-41F8-B8F3-EE3E81C94A71}.Release|Any CPU.Build.0 = Release|Any CPU
		{DDCD473B-2AD5-4786-9E49-2BB086189D75}.Debug|Any CPU.ActiveCfg = Debug|Any CPU
		{DDCD473B-2AD5-4786-9E49-2BB086189D75}.Debug|Any CPU.Build.0 = Debug|Any CPU
		{DDCD473B-2AD5-4786-9E49-2BB086189D75}.Release|Any CPU.ActiveCfg = Release|Any CPU
		{DDCD473B-2AD5-4786-9E49-2BB086189D75}.Release|Any CPU.Build.0 = Release|Any CPU
		{246E8066-4744-4F6E-995C-2F6954A7617B}.Debug|Any CPU.ActiveCfg = Debug|Any CPU
		{246E8066-4744-4F6E-995C-2F6954A7617B}.Debug|Any CPU.Build.0 = Debug|Any CPU
		{246E8066-4744-4F6E-995C-2F6954A7617B}.Release|Any CPU.ActiveCfg = Release|Any CPU
		{246E8066-4744-4F6E-995C-2F6954A7617B}.Release|Any CPU.Build.0 = Release|Any CPU
		{F442CE7E-E197-4839-A403-1A9518EF27FE}.Debug|Any CPU.ActiveCfg = Debug|Any CPU
		{F442CE7E-E197-4839-A403-1A9518EF27FE}.Debug|Any CPU.Build.0 = Debug|Any CPU
		{F442CE7E-E197-4839-A403-1A9518EF27FE}.Release|Any CPU.ActiveCfg = Release|Any CPU
		{F442CE7E-E197-4839-A403-1A9518EF27FE}.Release|Any CPU.Build.0 = Release|Any CPU
		{5B568F09-5AFD-43E9-9866-91FF39E059E4}.Debug|Any CPU.ActiveCfg = Debug|Any CPU
		{5B568F09-5AFD-43E9-9866-91FF39E059E4}.Debug|Any CPU.Build.0 = Debug|Any CPU
		{5B568F09-5AFD-43E9-9866-91FF39E059E4}.Release|Any CPU.ActiveCfg = Release|Any CPU
		{5B568F09-5AFD-43E9-9866-91FF39E059E4}.Release|Any CPU.Build.0 = Release|Any CPU
		{6C444D84-18E7-432A-8554-CE4092430E06}.Debug|Any CPU.ActiveCfg = Debug|Any CPU
		{6C444D84-18E7-432A-8554-CE4092430E06}.Debug|Any CPU.Build.0 = Debug|Any CPU
		{6C444D84-18E7-432A-8554-CE4092430E06}.Release|Any CPU.ActiveCfg = Release|Any CPU
		{6C444D84-18E7-432A-8554-CE4092430E06}.Release|Any CPU.Build.0 = Release|Any CPU
		{961D37EE-DB5C-49D8-ADB0-6E759B88F79F}.Debug|Any CPU.ActiveCfg = Debug|Any CPU
		{961D37EE-DB5C-49D8-ADB0-6E759B88F79F}.Debug|Any CPU.Build.0 = Debug|Any CPU
		{961D37EE-DB5C-49D8-ADB0-6E759B88F79F}.Release|Any CPU.ActiveCfg = Release|Any CPU
		{961D37EE-DB5C-49D8-ADB0-6E759B88F79F}.Release|Any CPU.Build.0 = Release|Any CPU
		{2650864A-4970-4E4D-80AB-8F0AC3D06713}.Debug|Any CPU.ActiveCfg = Debug|Any CPU
		{2650864A-4970-4E4D-80AB-8F0AC3D06713}.Debug|Any CPU.Build.0 = Debug|Any CPU
		{2650864A-4970-4E4D-80AB-8F0AC3D06713}.Release|Any CPU.ActiveCfg = Release|Any CPU
		{2650864A-4970-4E4D-80AB-8F0AC3D06713}.Release|Any CPU.Build.0 = Release|Any CPU
		{AA758688-D844-4113-BB9E-37C75F0BB29F}.Debug|Any CPU.ActiveCfg = Debug|Any CPU
		{AA758688-D844-4113-BB9E-37C75F0BB29F}.Debug|Any CPU.Build.0 = Debug|Any CPU
		{AA758688-D844-4113-BB9E-37C75F0BB29F}.Release|Any CPU.ActiveCfg = Release|Any CPU
		{AA758688-D844-4113-BB9E-37C75F0BB29F}.Release|Any CPU.Build.0 = Release|Any CPU
		{C1218DBD-C939-40C0-8BCB-27A9F88F83A0}.Debug|Any CPU.ActiveCfg = Debug|Any CPU
		{C1218DBD-C939-40C0-8BCB-27A9F88F83A0}.Debug|Any CPU.Build.0 = Debug|Any CPU
		{C1218DBD-C939-40C0-8BCB-27A9F88F83A0}.Release|Any CPU.ActiveCfg = Release|Any CPU
		{C1218DBD-C939-40C0-8BCB-27A9F88F83A0}.Release|Any CPU.Build.0 = Release|Any CPU
		{5277D7AE-0552-49EC-A24C-CF5061256DFD}.Debug|Any CPU.ActiveCfg = Debug|Any CPU
		{5277D7AE-0552-49EC-A24C-CF5061256DFD}.Debug|Any CPU.Build.0 = Debug|Any CPU
		{5277D7AE-0552-49EC-A24C-CF5061256DFD}.Release|Any CPU.ActiveCfg = Release|Any CPU
		{5277D7AE-0552-49EC-A24C-CF5061256DFD}.Release|Any CPU.Build.0 = Release|Any CPU
		{A0B3F58F-0529-4CE8-967A-9E4172440A16}.Debug|Any CPU.ActiveCfg = Debug|Any CPU
		{A0B3F58F-0529-4CE8-967A-9E4172440A16}.Debug|Any CPU.Build.0 = Debug|Any CPU
		{A0B3F58F-0529-4CE8-967A-9E4172440A16}.Release|Any CPU.ActiveCfg = Release|Any CPU
		{A0B3F58F-0529-4CE8-967A-9E4172440A16}.Release|Any CPU.Build.0 = Release|Any CPU
		{83BEC94A-B3EA-495B-86CA-AFB2F2D63576}.Debug|Any CPU.ActiveCfg = Debug|Any CPU
		{83BEC94A-B3EA-495B-86CA-AFB2F2D63576}.Debug|Any CPU.Build.0 = Debug|Any CPU
		{83BEC94A-B3EA-495B-86CA-AFB2F2D63576}.Release|Any CPU.ActiveCfg = Release|Any CPU
		{83BEC94A-B3EA-495B-86CA-AFB2F2D63576}.Release|Any CPU.Build.0 = Release|Any CPU
		{7CF7D9C0-5D31-4C2F-AF2D-48AD3B5A5917}.Debug|Any CPU.ActiveCfg = Debug|Any CPU
		{7CF7D9C0-5D31-4C2F-AF2D-48AD3B5A5917}.Debug|Any CPU.Build.0 = Debug|Any CPU
		{7CF7D9C0-5D31-4C2F-AF2D-48AD3B5A5917}.Release|Any CPU.ActiveCfg = Release|Any CPU
		{7CF7D9C0-5D31-4C2F-AF2D-48AD3B5A5917}.Release|Any CPU.Build.0 = Release|Any CPU
		{5F14F9A5-3E1D-47FB-9070-BACE853834D1}.Debug|Any CPU.ActiveCfg = Debug|Any CPU
		{5F14F9A5-3E1D-47FB-9070-BACE853834D1}.Debug|Any CPU.Build.0 = Debug|Any CPU
		{5F14F9A5-3E1D-47FB-9070-BACE853834D1}.Release|Any CPU.ActiveCfg = Release|Any CPU
		{5F14F9A5-3E1D-47FB-9070-BACE853834D1}.Release|Any CPU.Build.0 = Release|Any CPU
		{D32E6DB4-F35A-453B-9303-7FDF94BB699B}.Debug|Any CPU.ActiveCfg = Debug|Any CPU
		{D32E6DB4-F35A-453B-9303-7FDF94BB699B}.Debug|Any CPU.Build.0 = Debug|Any CPU
		{D32E6DB4-F35A-453B-9303-7FDF94BB699B}.Release|Any CPU.ActiveCfg = Release|Any CPU
		{D32E6DB4-F35A-453B-9303-7FDF94BB699B}.Release|Any CPU.Build.0 = Release|Any CPU
		{849A3051-F74F-45D2-AF70-F14FB7B8D77B}.Debug|Any CPU.ActiveCfg = Debug|Any CPU
		{849A3051-F74F-45D2-AF70-F14FB7B8D77B}.Debug|Any CPU.Build.0 = Debug|Any CPU
		{849A3051-F74F-45D2-AF70-F14FB7B8D77B}.Release|Any CPU.ActiveCfg = Release|Any CPU
		{849A3051-F74F-45D2-AF70-F14FB7B8D77B}.Release|Any CPU.Build.0 = Release|Any CPU
		{DFA3D868-BDB8-4CDA-B0EC-2F2E68862B64}.Debug|Any CPU.ActiveCfg = Debug|Any CPU
		{DFA3D868-BDB8-4CDA-B0EC-2F2E68862B64}.Debug|Any CPU.Build.0 = Debug|Any CPU
		{DFA3D868-BDB8-4CDA-B0EC-2F2E68862B64}.Release|Any CPU.ActiveCfg = Release|Any CPU
		{DFA3D868-BDB8-4CDA-B0EC-2F2E68862B64}.Release|Any CPU.Build.0 = Release|Any CPU
		{A4423CF0-C399-48C4-B071-AD222FE1677B}.Debug|Any CPU.ActiveCfg = Debug|Any CPU
		{A4423CF0-C399-48C4-B071-AD222FE1677B}.Debug|Any CPU.Build.0 = Debug|Any CPU
		{A4423CF0-C399-48C4-B071-AD222FE1677B}.Release|Any CPU.ActiveCfg = Release|Any CPU
		{A4423CF0-C399-48C4-B071-AD222FE1677B}.Release|Any CPU.Build.0 = Release|Any CPU
		{50750AA0-1FB6-4126-AC42-E71766F5346D}.Debug|Any CPU.ActiveCfg = Debug|Any CPU
		{50750AA0-1FB6-4126-AC42-E71766F5346D}.Debug|Any CPU.Build.0 = Debug|Any CPU
		{50750AA0-1FB6-4126-AC42-E71766F5346D}.Release|Any CPU.ActiveCfg = Release|Any CPU
		{50750AA0-1FB6-4126-AC42-E71766F5346D}.Release|Any CPU.Build.0 = Release|Any CPU
		{C6293165-A2BD-41AF-BE45-D2AAD5A1CC4A}.Debug|Any CPU.ActiveCfg = Debug|Any CPU
		{C6293165-A2BD-41AF-BE45-D2AAD5A1CC4A}.Debug|Any CPU.Build.0 = Debug|Any CPU
		{C6293165-A2BD-41AF-BE45-D2AAD5A1CC4A}.Release|Any CPU.ActiveCfg = Release|Any CPU
		{C6293165-A2BD-41AF-BE45-D2AAD5A1CC4A}.Release|Any CPU.Build.0 = Release|Any CPU
		{8F668A38-8A58-4398-8B56-EF1BE4D70EF4}.Debug|Any CPU.ActiveCfg = Debug|Any CPU
		{8F668A38-8A58-4398-8B56-EF1BE4D70EF4}.Debug|Any CPU.Build.0 = Debug|Any CPU
		{8F668A38-8A58-4398-8B56-EF1BE4D70EF4}.Release|Any CPU.ActiveCfg = Release|Any CPU
		{8F668A38-8A58-4398-8B56-EF1BE4D70EF4}.Release|Any CPU.Build.0 = Release|Any CPU
		{FB048650-B946-4A81-8C0A-547F2A4AE840}.Debug|Any CPU.ActiveCfg = Debug|Any CPU
		{FB048650-B946-4A81-8C0A-547F2A4AE840}.Debug|Any CPU.Build.0 = Debug|Any CPU
		{FB048650-B946-4A81-8C0A-547F2A4AE840}.Release|Any CPU.ActiveCfg = Release|Any CPU
		{FB048650-B946-4A81-8C0A-547F2A4AE840}.Release|Any CPU.Build.0 = Release|Any CPU
		{BDE943A4-9B2A-4B0E-AAC0-0244EAB7F6A4}.Debug|Any CPU.ActiveCfg = Debug|Any CPU
		{BDE943A4-9B2A-4B0E-AAC0-0244EAB7F6A4}.Debug|Any CPU.Build.0 = Debug|Any CPU
		{BDE943A4-9B2A-4B0E-AAC0-0244EAB7F6A4}.Release|Any CPU.ActiveCfg = Release|Any CPU
		{BDE943A4-9B2A-4B0E-AAC0-0244EAB7F6A4}.Release|Any CPU.Build.0 = Release|Any CPU
		{B482862F-F7B2-49D0-988D-E7DCE7ACFE3A}.Debug|Any CPU.ActiveCfg = Debug|Any CPU
		{B482862F-F7B2-49D0-988D-E7DCE7ACFE3A}.Debug|Any CPU.Build.0 = Debug|Any CPU
		{B482862F-F7B2-49D0-988D-E7DCE7ACFE3A}.Release|Any CPU.ActiveCfg = Release|Any CPU
		{B482862F-F7B2-49D0-988D-E7DCE7ACFE3A}.Release|Any CPU.Build.0 = Release|Any CPU
		{4912F9F3-17B3-4154-9B2B-B0E3B25F8024}.Debug|Any CPU.ActiveCfg = Debug|Any CPU
		{4912F9F3-17B3-4154-9B2B-B0E3B25F8024}.Debug|Any CPU.Build.0 = Debug|Any CPU
		{4912F9F3-17B3-4154-9B2B-B0E3B25F8024}.Release|Any CPU.ActiveCfg = Release|Any CPU
		{4912F9F3-17B3-4154-9B2B-B0E3B25F8024}.Release|Any CPU.Build.0 = Release|Any CPU
		{61ABA8E4-121F-4A86-A0A2-37A86B48D29A}.Debug|Any CPU.ActiveCfg = Debug|Any CPU
		{61ABA8E4-121F-4A86-A0A2-37A86B48D29A}.Debug|Any CPU.Build.0 = Debug|Any CPU
		{61ABA8E4-121F-4A86-A0A2-37A86B48D29A}.Release|Any CPU.ActiveCfg = Release|Any CPU
		{61ABA8E4-121F-4A86-A0A2-37A86B48D29A}.Release|Any CPU.Build.0 = Release|Any CPU
		{98C64133-4833-40C1-A048-B3E83D8FAAD0}.Debug|Any CPU.ActiveCfg = Debug|Any CPU
		{98C64133-4833-40C1-A048-B3E83D8FAAD0}.Debug|Any CPU.Build.0 = Debug|Any CPU
		{98C64133-4833-40C1-A048-B3E83D8FAAD0}.Release|Any CPU.ActiveCfg = Release|Any CPU
		{98C64133-4833-40C1-A048-B3E83D8FAAD0}.Release|Any CPU.Build.0 = Release|Any CPU
		{0DBAF86E-0B38-4533-809B-B7A6335ADDE8}.Debug|Any CPU.ActiveCfg = Debug|Any CPU
		{0DBAF86E-0B38-4533-809B-B7A6335ADDE8}.Debug|Any CPU.Build.0 = Debug|Any CPU
		{0DBAF86E-0B38-4533-809B-B7A6335ADDE8}.Release|Any CPU.ActiveCfg = Release|Any CPU
		{0DBAF86E-0B38-4533-809B-B7A6335ADDE8}.Release|Any CPU.Build.0 = Release|Any CPU
		{B4F3CF71-7161-4561-893B-DA37E98EA284}.Debug|Any CPU.ActiveCfg = Debug|Any CPU
		{B4F3CF71-7161-4561-893B-DA37E98EA284}.Debug|Any CPU.Build.0 = Debug|Any CPU
		{B4F3CF71-7161-4561-893B-DA37E98EA284}.Release|Any CPU.ActiveCfg = Release|Any CPU
		{B4F3CF71-7161-4561-893B-DA37E98EA284}.Release|Any CPU.Build.0 = Release|Any CPU
		{A5BB6900-AEF1-4F77-9DEC-87A26735F7D3}.Debug|Any CPU.ActiveCfg = Debug|Any CPU
		{A5BB6900-AEF1-4F77-9DEC-87A26735F7D3}.Debug|Any CPU.Build.0 = Debug|Any CPU
		{A5BB6900-AEF1-4F77-9DEC-87A26735F7D3}.Release|Any CPU.ActiveCfg = Release|Any CPU
		{A5BB6900-AEF1-4F77-9DEC-87A26735F7D3}.Release|Any CPU.Build.0 = Release|Any CPU
		{B489CD6C-1C1B-446C-90FD-DA55C7E3C319}.Debug|Any CPU.ActiveCfg = Debug|Any CPU
		{B489CD6C-1C1B-446C-90FD-DA55C7E3C319}.Debug|Any CPU.Build.0 = Debug|Any CPU
		{B489CD6C-1C1B-446C-90FD-DA55C7E3C319}.Release|Any CPU.ActiveCfg = Release|Any CPU
		{B489CD6C-1C1B-446C-90FD-DA55C7E3C319}.Release|Any CPU.Build.0 = Release|Any CPU
		{3B662BAB-0316-4C95-9C92-334C6AB3B838}.Debug|Any CPU.ActiveCfg = Debug|Any CPU
		{3B662BAB-0316-4C95-9C92-334C6AB3B838}.Debug|Any CPU.Build.0 = Debug|Any CPU
		{3B662BAB-0316-4C95-9C92-334C6AB3B838}.Release|Any CPU.ActiveCfg = Release|Any CPU
		{3B662BAB-0316-4C95-9C92-334C6AB3B838}.Release|Any CPU.Build.0 = Release|Any CPU
		{5DF4B94B-D176-49ED-90CE-FCB1FED57D1F}.Debug|Any CPU.ActiveCfg = Debug|Any CPU
		{5DF4B94B-D176-49ED-90CE-FCB1FED57D1F}.Debug|Any CPU.Build.0 = Debug|Any CPU
		{5DF4B94B-D176-49ED-90CE-FCB1FED57D1F}.Release|Any CPU.ActiveCfg = Release|Any CPU
		{5DF4B94B-D176-49ED-90CE-FCB1FED57D1F}.Release|Any CPU.Build.0 = Release|Any CPU
		{A21E481D-7A0A-404D-BD6F-81B5613644E9}.Debug|Any CPU.ActiveCfg = Debug|Any CPU
		{A21E481D-7A0A-404D-BD6F-81B5613644E9}.Debug|Any CPU.Build.0 = Debug|Any CPU
		{A21E481D-7A0A-404D-BD6F-81B5613644E9}.Release|Any CPU.ActiveCfg = Release|Any CPU
		{A21E481D-7A0A-404D-BD6F-81B5613644E9}.Release|Any CPU.Build.0 = Release|Any CPU
		{09B5EE10-1737-40FF-B510-CEC7050BEDDA}.Debug|Any CPU.ActiveCfg = Debug|Any CPU
		{09B5EE10-1737-40FF-B510-CEC7050BEDDA}.Debug|Any CPU.Build.0 = Debug|Any CPU
		{09B5EE10-1737-40FF-B510-CEC7050BEDDA}.Release|Any CPU.ActiveCfg = Release|Any CPU
		{09B5EE10-1737-40FF-B510-CEC7050BEDDA}.Release|Any CPU.Build.0 = Release|Any CPU
		{78247239-0B11-4F2C-AAE7-EF3928892AC1}.Debug|Any CPU.ActiveCfg = Debug|Any CPU
		{78247239-0B11-4F2C-AAE7-EF3928892AC1}.Debug|Any CPU.Build.0 = Debug|Any CPU
		{78247239-0B11-4F2C-AAE7-EF3928892AC1}.Release|Any CPU.ActiveCfg = Release|Any CPU
		{78247239-0B11-4F2C-AAE7-EF3928892AC1}.Release|Any CPU.Build.0 = Release|Any CPU
		{C0E2C893-69EC-4EA9-9D7E-4A065E26EC72}.Debug|Any CPU.ActiveCfg = Debug|Any CPU
		{C0E2C893-69EC-4EA9-9D7E-4A065E26EC72}.Debug|Any CPU.Build.0 = Debug|Any CPU
		{C0E2C893-69EC-4EA9-9D7E-4A065E26EC72}.Release|Any CPU.ActiveCfg = Release|Any CPU
		{C0E2C893-69EC-4EA9-9D7E-4A065E26EC72}.Release|Any CPU.Build.0 = Release|Any CPU
		{ACEA6CD0-7CFA-494A-86F4-F4042D68F485}.Debug|Any CPU.ActiveCfg = Debug|Any CPU
		{ACEA6CD0-7CFA-494A-86F4-F4042D68F485}.Debug|Any CPU.Build.0 = Debug|Any CPU
		{ACEA6CD0-7CFA-494A-86F4-F4042D68F485}.Release|Any CPU.ActiveCfg = Release|Any CPU
		{ACEA6CD0-7CFA-494A-86F4-F4042D68F485}.Release|Any CPU.Build.0 = Release|Any CPU
		{F398FD6D-C685-4667-81A7-992B40D71BD3}.Debug|Any CPU.ActiveCfg = Debug|Any CPU
		{F398FD6D-C685-4667-81A7-992B40D71BD3}.Debug|Any CPU.Build.0 = Debug|Any CPU
		{F398FD6D-C685-4667-81A7-992B40D71BD3}.Release|Any CPU.ActiveCfg = Release|Any CPU
		{F398FD6D-C685-4667-81A7-992B40D71BD3}.Release|Any CPU.Build.0 = Release|Any CPU
		{63826C34-287A-42C8-BEB0-52E7AD0153F0}.Debug|Any CPU.ActiveCfg = Debug|Any CPU
		{63826C34-287A-42C8-BEB0-52E7AD0153F0}.Debug|Any CPU.Build.0 = Debug|Any CPU
		{63826C34-287A-42C8-BEB0-52E7AD0153F0}.Release|Any CPU.ActiveCfg = Release|Any CPU
		{63826C34-287A-42C8-BEB0-52E7AD0153F0}.Release|Any CPU.Build.0 = Release|Any CPU
		{61E0A6F9-C483-4003-A921-752EA1968ABF}.Debug|Any CPU.ActiveCfg = Debug|Any CPU
		{61E0A6F9-C483-4003-A921-752EA1968ABF}.Debug|Any CPU.Build.0 = Debug|Any CPU
		{61E0A6F9-C483-4003-A921-752EA1968ABF}.Release|Any CPU.ActiveCfg = Release|Any CPU
		{61E0A6F9-C483-4003-A921-752EA1968ABF}.Release|Any CPU.Build.0 = Release|Any CPU
		{8ADE2759-4A71-48F1-BF3A-FF7460AB6CED}.Debug|Any CPU.ActiveCfg = Debug|Any CPU
		{8ADE2759-4A71-48F1-BF3A-FF7460AB6CED}.Debug|Any CPU.Build.0 = Debug|Any CPU
		{8ADE2759-4A71-48F1-BF3A-FF7460AB6CED}.Release|Any CPU.ActiveCfg = Release|Any CPU
		{8ADE2759-4A71-48F1-BF3A-FF7460AB6CED}.Release|Any CPU.Build.0 = Release|Any CPU
		{5C2DD89B-2CA9-4C2C-8A16-567F18906BD5}.Debug|Any CPU.ActiveCfg = Debug|Any CPU
		{5C2DD89B-2CA9-4C2C-8A16-567F18906BD5}.Debug|Any CPU.Build.0 = Debug|Any CPU
		{5C2DD89B-2CA9-4C2C-8A16-567F18906BD5}.Release|Any CPU.ActiveCfg = Release|Any CPU
		{5C2DD89B-2CA9-4C2C-8A16-567F18906BD5}.Release|Any CPU.Build.0 = Release|Any CPU
		{A02456B0-1BA3-41AB-AFA8-D86BD3C334E2}.Debug|Any CPU.ActiveCfg = Debug|Any CPU
		{A02456B0-1BA3-41AB-AFA8-D86BD3C334E2}.Debug|Any CPU.Build.0 = Debug|Any CPU
		{A02456B0-1BA3-41AB-AFA8-D86BD3C334E2}.Release|Any CPU.ActiveCfg = Release|Any CPU
		{A02456B0-1BA3-41AB-AFA8-D86BD3C334E2}.Release|Any CPU.Build.0 = Release|Any CPU
		{832D518B-232F-4DE3-B300-04D9967B5AB0}.Debug|Any CPU.ActiveCfg = Debug|Any CPU
		{832D518B-232F-4DE3-B300-04D9967B5AB0}.Debug|Any CPU.Build.0 = Debug|Any CPU
		{832D518B-232F-4DE3-B300-04D9967B5AB0}.Release|Any CPU.ActiveCfg = Release|Any CPU
		{832D518B-232F-4DE3-B300-04D9967B5AB0}.Release|Any CPU.Build.0 = Release|Any CPU
		{00C18DB9-E3A7-4A7D-A91E-414A54B514BC}.Debug|Any CPU.ActiveCfg = Debug|Any CPU
		{00C18DB9-E3A7-4A7D-A91E-414A54B514BC}.Debug|Any CPU.Build.0 = Debug|Any CPU
		{00C18DB9-E3A7-4A7D-A91E-414A54B514BC}.Release|Any CPU.ActiveCfg = Release|Any CPU
		{00C18DB9-E3A7-4A7D-A91E-414A54B514BC}.Release|Any CPU.Build.0 = Release|Any CPU
		{80CFC61D-F6E8-4DCD-901D-F98A88BBE2CF}.Debug|Any CPU.ActiveCfg = Debug|Any CPU
		{80CFC61D-F6E8-4DCD-901D-F98A88BBE2CF}.Debug|Any CPU.Build.0 = Debug|Any CPU
		{80CFC61D-F6E8-4DCD-901D-F98A88BBE2CF}.Release|Any CPU.ActiveCfg = Release|Any CPU
		{80CFC61D-F6E8-4DCD-901D-F98A88BBE2CF}.Release|Any CPU.Build.0 = Release|Any CPU
		{D5F55974-55E0-41D6-89BB-13EBA8E2B5DA}.Debug|Any CPU.ActiveCfg = Debug|Any CPU
		{D5F55974-55E0-41D6-89BB-13EBA8E2B5DA}.Debug|Any CPU.Build.0 = Debug|Any CPU
		{D5F55974-55E0-41D6-89BB-13EBA8E2B5DA}.Release|Any CPU.ActiveCfg = Release|Any CPU
		{D5F55974-55E0-41D6-89BB-13EBA8E2B5DA}.Release|Any CPU.Build.0 = Release|Any CPU
		{627DF703-5AEA-4872-9A22-B57BFAEF5327}.Debug|Any CPU.ActiveCfg = Debug|Any CPU
		{627DF703-5AEA-4872-9A22-B57BFAEF5327}.Debug|Any CPU.Build.0 = Debug|Any CPU
		{627DF703-5AEA-4872-9A22-B57BFAEF5327}.Release|Any CPU.ActiveCfg = Release|Any CPU
		{627DF703-5AEA-4872-9A22-B57BFAEF5327}.Release|Any CPU.Build.0 = Release|Any CPU
		{55C2CB1D-8EF9-44D0-B930-211E30EA93BD}.Debug|Any CPU.ActiveCfg = Debug|Any CPU
		{55C2CB1D-8EF9-44D0-B930-211E30EA93BD}.Debug|Any CPU.Build.0 = Debug|Any CPU
		{55C2CB1D-8EF9-44D0-B930-211E30EA93BD}.Release|Any CPU.ActiveCfg = Release|Any CPU
		{55C2CB1D-8EF9-44D0-B930-211E30EA93BD}.Release|Any CPU.Build.0 = Release|Any CPU
		{F5EE6CFB-7B8F-4F46-B56C-A0BA8C14605C}.Debug|Any CPU.ActiveCfg = Debug|Any CPU
		{F5EE6CFB-7B8F-4F46-B56C-A0BA8C14605C}.Debug|Any CPU.Build.0 = Debug|Any CPU
		{F5EE6CFB-7B8F-4F46-B56C-A0BA8C14605C}.Release|Any CPU.ActiveCfg = Release|Any CPU
		{F5EE6CFB-7B8F-4F46-B56C-A0BA8C14605C}.Release|Any CPU.Build.0 = Release|Any CPU
		{CEBA8E84-30C1-4813-A9C8-302A497FD539}.Debug|Any CPU.ActiveCfg = Debug|Any CPU
		{CEBA8E84-30C1-4813-A9C8-302A497FD539}.Debug|Any CPU.Build.0 = Debug|Any CPU
		{CEBA8E84-30C1-4813-A9C8-302A497FD539}.Release|Any CPU.ActiveCfg = Release|Any CPU
		{CEBA8E84-30C1-4813-A9C8-302A497FD539}.Release|Any CPU.Build.0 = Release|Any CPU
		{522145EF-81B9-4141-9E33-A40CAD13B84F}.Debug|Any CPU.ActiveCfg = Debug|Any CPU
		{522145EF-81B9-4141-9E33-A40CAD13B84F}.Debug|Any CPU.Build.0 = Debug|Any CPU
		{522145EF-81B9-4141-9E33-A40CAD13B84F}.Release|Any CPU.ActiveCfg = Release|Any CPU
		{522145EF-81B9-4141-9E33-A40CAD13B84F}.Release|Any CPU.Build.0 = Release|Any CPU
		{BE61F1DD-76F5-4EB8-8F7A-23C820BFE5B4}.Debug|Any CPU.ActiveCfg = Debug|Any CPU
		{BE61F1DD-76F5-4EB8-8F7A-23C820BFE5B4}.Debug|Any CPU.Build.0 = Debug|Any CPU
		{BE61F1DD-76F5-4EB8-8F7A-23C820BFE5B4}.Release|Any CPU.ActiveCfg = Release|Any CPU
		{BE61F1DD-76F5-4EB8-8F7A-23C820BFE5B4}.Release|Any CPU.Build.0 = Release|Any CPU
		{FDF37A88-A9FF-49F3-BA39-C884FDCB0F6C}.Debug|Any CPU.ActiveCfg = Debug|Any CPU
		{FDF37A88-A9FF-49F3-BA39-C884FDCB0F6C}.Debug|Any CPU.Build.0 = Debug|Any CPU
		{FDF37A88-A9FF-49F3-BA39-C884FDCB0F6C}.Release|Any CPU.ActiveCfg = Release|Any CPU
		{FDF37A88-A9FF-49F3-BA39-C884FDCB0F6C}.Release|Any CPU.Build.0 = Release|Any CPU
		{C2B8BA55-5CC1-4443-BAA3-18A8347718E5}.Debug|Any CPU.ActiveCfg = Debug|Any CPU
		{C2B8BA55-5CC1-4443-BAA3-18A8347718E5}.Debug|Any CPU.Build.0 = Debug|Any CPU
		{C2B8BA55-5CC1-4443-BAA3-18A8347718E5}.Release|Any CPU.ActiveCfg = Release|Any CPU
		{C2B8BA55-5CC1-4443-BAA3-18A8347718E5}.Release|Any CPU.Build.0 = Release|Any CPU
	EndGlobalSection
	GlobalSection(SolutionProperties) = preSolution
		HideSolutionNode = FALSE
	EndGlobalSection
	GlobalSection(NestedProjects) = preSolution
		{E20A050E-3CC9-418E-A6F8-07CE4CD4B4B5} = {9328F32F-9C58-4238-A833-423E5AC98614}
		{CBD68F50-35BA-4439-9A90-71CFF53D4ABA} = {E20A050E-3CC9-418E-A6F8-07CE4CD4B4B5}
		{59CD6A3D-7959-4CE0-9D4E-B65927D030DB} = {45FE0CE4-3424-40A8-A14F-28C427FF7E63}
		{5CA65C37-3496-447E-89F3-00F4529379D6} = {59CD6A3D-7959-4CE0-9D4E-B65927D030DB}
		{F5A32C39-EB0B-422B-AA2E-484E65F752AE} = {5CA65C37-3496-447E-89F3-00F4529379D6}
		{6E725082-AEA6-44BD-9532-221F7AC7221A} = {F8CCEE4F-07DB-47BF-B107-C0CBE39AB41D}
		{F8CCEE4F-07DB-47BF-B107-C0CBE39AB41D} = {FB8FEB6D-65F6-43E7-A4AD-DD6DA1F65CDF}
		{B16D245F-0779-49F0-9B7F-3ECDD913BDCB} = {B58E18F5-D166-483E-AFFE-EDC7DEA317F4}
		{78B443E1-B173-4957-8516-61A1A8A5B404} = {8AC250C4-4F76-4AD1-B202-5D8EC5168023}
		{4387E43A-FBA4-4391-A50D-F79F1F7DDFDD} = {78B443E1-B173-4957-8516-61A1A8A5B404}
		{869C1337-297E-4338-B12D-39217BCB5A03} = {B58E18F5-D166-483E-AFFE-EDC7DEA317F4}
		{EAB4264E-8939-458B-A5EA-1751AEF221BF} = {B58E18F5-D166-483E-AFFE-EDC7DEA317F4}
		{F66BED77-9E2A-43C9-ABCE-51DFFFFDC44A} = {F8CCEE4F-07DB-47BF-B107-C0CBE39AB41D}
		{EF52BEFB-37E5-45DE-A3DB-00CFBB5F340C} = {F8CCEE4F-07DB-47BF-B107-C0CBE39AB41D}
		{29A78E7A-C023-41F8-B8F3-EE3E81C94A71} = {F8CCEE4F-07DB-47BF-B107-C0CBE39AB41D}
		{DDCD473B-2AD5-4786-9E49-2BB086189D75} = {F8CCEE4F-07DB-47BF-B107-C0CBE39AB41D}
		{2396AC3C-8BB9-4383-8581-A3A2CA19775B} = {59CD6A3D-7959-4CE0-9D4E-B65927D030DB}
		{9362482A-2A9C-4109-AD5E-53D018922511} = {9328F32F-9C58-4238-A833-423E5AC98614}
		{246E8066-4744-4F6E-995C-2F6954A7617B} = {7B194182-3B91-4D9E-B4B0-E2CE94BFB60E}
		{7B194182-3B91-4D9E-B4B0-E2CE94BFB60E} = {9362482A-2A9C-4109-AD5E-53D018922511}
		{F442CE7E-E197-4839-A403-1A9518EF27FE} = {7B194182-3B91-4D9E-B4B0-E2CE94BFB60E}
		{5B568F09-5AFD-43E9-9866-91FF39E059E4} = {7B194182-3B91-4D9E-B4B0-E2CE94BFB60E}
		{6C444D84-18E7-432A-8554-CE4092430E06} = {7B194182-3B91-4D9E-B4B0-E2CE94BFB60E}
		{961D37EE-DB5C-49D8-ADB0-6E759B88F79F} = {7B194182-3B91-4D9E-B4B0-E2CE94BFB60E}
		{2650864A-4970-4E4D-80AB-8F0AC3D06713} = {7B194182-3B91-4D9E-B4B0-E2CE94BFB60E}
		{AA758688-D844-4113-BB9E-37C75F0BB29F} = {7B194182-3B91-4D9E-B4B0-E2CE94BFB60E}
		{C1218DBD-C939-40C0-8BCB-27A9F88F83A0} = {7B194182-3B91-4D9E-B4B0-E2CE94BFB60E}
		{5277D7AE-0552-49EC-A24C-CF5061256DFD} = {7B194182-3B91-4D9E-B4B0-E2CE94BFB60E}
		{4B3560EB-D565-47E4-9674-C30C6EF52ACC} = {9362482A-2A9C-4109-AD5E-53D018922511}
		{A0B3F58F-0529-4CE8-967A-9E4172440A16} = {4B3560EB-D565-47E4-9674-C30C6EF52ACC}
		{83BEC94A-B3EA-495B-86CA-AFB2F2D63576} = {9362482A-2A9C-4109-AD5E-53D018922511}
		{6E10B743-AC05-4390-BF8C-23569802D5F9} = {9362482A-2A9C-4109-AD5E-53D018922511}
		{7CF7D9C0-5D31-4C2F-AF2D-48AD3B5A5917} = {6E10B743-AC05-4390-BF8C-23569802D5F9}
		{5F14F9A5-3E1D-47FB-9070-BACE853834D1} = {6E10B743-AC05-4390-BF8C-23569802D5F9}
		{D32E6DB4-F35A-453B-9303-7FDF94BB699B} = {6E10B743-AC05-4390-BF8C-23569802D5F9}
		{849A3051-F74F-45D2-AF70-F14FB7B8D77B} = {6E10B743-AC05-4390-BF8C-23569802D5F9}
		{2D88E77B-5969-47EA-9BCB-6D021D05D1E5} = {9362482A-2A9C-4109-AD5E-53D018922511}
		{DFA3D868-BDB8-4CDA-B0EC-2F2E68862B64} = {2D88E77B-5969-47EA-9BCB-6D021D05D1E5}
		{A4423CF0-C399-48C4-B071-AD222FE1677B} = {2D88E77B-5969-47EA-9BCB-6D021D05D1E5}
		{50750AA0-1FB6-4126-AC42-E71766F5346D} = {2D88E77B-5969-47EA-9BCB-6D021D05D1E5}
		{C6293165-A2BD-41AF-BE45-D2AAD5A1CC4A} = {2D88E77B-5969-47EA-9BCB-6D021D05D1E5}
		{8F668A38-8A58-4398-8B56-EF1BE4D70EF4} = {2D88E77B-5969-47EA-9BCB-6D021D05D1E5}
		{FB048650-B946-4A81-8C0A-547F2A4AE840} = {6E10B743-AC05-4390-BF8C-23569802D5F9}
		{BDE943A4-9B2A-4B0E-AAC0-0244EAB7F6A4} = {6E10B743-AC05-4390-BF8C-23569802D5F9}
		{B482862F-F7B2-49D0-988D-E7DCE7ACFE3A} = {2D88E77B-5969-47EA-9BCB-6D021D05D1E5}
		{4912F9F3-17B3-4154-9B2B-B0E3B25F8024} = {2D88E77B-5969-47EA-9BCB-6D021D05D1E5}
		{61ABA8E4-121F-4A86-A0A2-37A86B48D29A} = {2D88E77B-5969-47EA-9BCB-6D021D05D1E5}
		{7B8A5DB6-EB15-43A2-A4E4-4593ACA6A7FC} = {9362482A-2A9C-4109-AD5E-53D018922511}
		{98C64133-4833-40C1-A048-B3E83D8FAAD0} = {7B8A5DB6-EB15-43A2-A4E4-4593ACA6A7FC}
		{0DBAF86E-0B38-4533-809B-B7A6335ADDE8} = {6E10B743-AC05-4390-BF8C-23569802D5F9}
		{B4F3CF71-7161-4561-893B-DA37E98EA284} = {6E10B743-AC05-4390-BF8C-23569802D5F9}
		{A5BB6900-AEF1-4F77-9DEC-87A26735F7D3} = {4B3560EB-D565-47E4-9674-C30C6EF52ACC}
		{B489CD6C-1C1B-446C-90FD-DA55C7E3C319} = {4B3560EB-D565-47E4-9674-C30C6EF52ACC}
		{3B662BAB-0316-4C95-9C92-334C6AB3B838} = {4B3560EB-D565-47E4-9674-C30C6EF52ACC}
		{5DF4B94B-D176-49ED-90CE-FCB1FED57D1F} = {4B3560EB-D565-47E4-9674-C30C6EF52ACC}
		{A21E481D-7A0A-404D-BD6F-81B5613644E9} = {4B3560EB-D565-47E4-9674-C30C6EF52ACC}
		{09B5EE10-1737-40FF-B510-CEC7050BEDDA} = {4B3560EB-D565-47E4-9674-C30C6EF52ACC}
		{78247239-0B11-4F2C-AAE7-EF3928892AC1} = {4B3560EB-D565-47E4-9674-C30C6EF52ACC}
		{C0E2C893-69EC-4EA9-9D7E-4A065E26EC72} = {4B3560EB-D565-47E4-9674-C30C6EF52ACC}
		{ACEA6CD0-7CFA-494A-86F4-F4042D68F485} = {4B3560EB-D565-47E4-9674-C30C6EF52ACC}
		{F398FD6D-C685-4667-81A7-992B40D71BD3} = {4B3560EB-D565-47E4-9674-C30C6EF52ACC}
		{51F3E92B-AB8A-47C9-8B6F-ADCD11DCA7C1} = {9362482A-2A9C-4109-AD5E-53D018922511}
		{BA224DF4-A08D-44C6-88D3-CD03E53FB4C1} = {9362482A-2A9C-4109-AD5E-53D018922511}
		{63826C34-287A-42C8-BEB0-52E7AD0153F0} = {BA224DF4-A08D-44C6-88D3-CD03E53FB4C1}
		{61E0A6F9-C483-4003-A921-752EA1968ABF} = {BA224DF4-A08D-44C6-88D3-CD03E53FB4C1}
		{8ADE2759-4A71-48F1-BF3A-FF7460AB6CED} = {BA224DF4-A08D-44C6-88D3-CD03E53FB4C1}
		{5C2DD89B-2CA9-4C2C-8A16-567F18906BD5} = {BA224DF4-A08D-44C6-88D3-CD03E53FB4C1}
		{A02456B0-1BA3-41AB-AFA8-D86BD3C334E2} = {BA224DF4-A08D-44C6-88D3-CD03E53FB4C1}
		{832D518B-232F-4DE3-B300-04D9967B5AB0} = {BA224DF4-A08D-44C6-88D3-CD03E53FB4C1}
		{00C18DB9-E3A7-4A7D-A91E-414A54B514BC} = {BA224DF4-A08D-44C6-88D3-CD03E53FB4C1}
		{80CFC61D-F6E8-4DCD-901D-F98A88BBE2CF} = {BA224DF4-A08D-44C6-88D3-CD03E53FB4C1}
		{D5F55974-55E0-41D6-89BB-13EBA8E2B5DA} = {51F3E92B-AB8A-47C9-8B6F-ADCD11DCA7C1}
		{627DF703-5AEA-4872-9A22-B57BFAEF5327} = {51F3E92B-AB8A-47C9-8B6F-ADCD11DCA7C1}
		{55C2CB1D-8EF9-44D0-B930-211E30EA93BD} = {51F3E92B-AB8A-47C9-8B6F-ADCD11DCA7C1}
		{F5EE6CFB-7B8F-4F46-B56C-A0BA8C14605C} = {51F3E92B-AB8A-47C9-8B6F-ADCD11DCA7C1}
		{CEBA8E84-30C1-4813-A9C8-302A497FD539} = {51F3E92B-AB8A-47C9-8B6F-ADCD11DCA7C1}
		{522145EF-81B9-4141-9E33-A40CAD13B84F} = {51F3E92B-AB8A-47C9-8B6F-ADCD11DCA7C1}
		{BE61F1DD-76F5-4EB8-8F7A-23C820BFE5B4} = {51F3E92B-AB8A-47C9-8B6F-ADCD11DCA7C1}
		{FDF37A88-A9FF-49F3-BA39-C884FDCB0F6C} = {51F3E92B-AB8A-47C9-8B6F-ADCD11DCA7C1}
		{C2B8BA55-5CC1-4443-BAA3-18A8347718E5} = {51F3E92B-AB8A-47C9-8B6F-ADCD11DCA7C1}
	EndGlobalSection
	GlobalSection(ExtensibilityGlobals) = postSolution
		SolutionGuid = {7BD723E9-424D-44E5-B683-4F14A0EFB246}
	EndGlobalSection
EndGlobal
